
Microsoft Visual Studio Solution File, Format Version 12.00
# Visual Studio Version 17
VisualStudioVersion = 17.4.33205.214
MinimumVisualStudioVersion = 10.0.40219.1
Project("{9A19103F-16F7-4668-BE54-9A1E7A4F7556}") = "Clients", "Clients\Clients.csproj", "{665A58D2-E48C-495D-9C83-80C11838F90B}"
EndProject
Project("{9A19103F-16F7-4668-BE54-9A1E7A4F7556}") = "Clients.Core", "Clients.Core\Clients.Core.csproj", "{DC00BF1E-9981-4967-B2D9-8D436F9E8E90}"
EndProject
Project("{9A19103F-16F7-4668-BE54-9A1E7A4F7556}") = "Clients.DataAccess", "Clients.DataAccess\Clients.DataAccess.csproj", "{D2E3D12A-4E8D-4E1C-8B89-AA0E3D5F28D6}"
EndProject
Project("{FAE04EC0-301F-11D3-BF4B-00C04F79EFBC}") = "Clients.Utils", "Clients.Utils\Clients.Utils.csproj", "{7D76ED95-35B6-47FB-8A33-969E578B5924}"
EndProject
Global
	GlobalSection(SolutionConfigurationPlatforms) = preSolution
		Debug|Any CPU = Debug|Any CPU
		Release|Any CPU = Release|Any CPU
	EndGlobalSection
	GlobalSection(ProjectConfigurationPlatforms) = postSolution
		{665A58D2-E48C-495D-9C83-80C11838F90B}.Debug|Any CPU.ActiveCfg = Debug|Any CPU
		{665A58D2-E48C-495D-9C83-80C11838F90B}.Debug|Any CPU.Build.0 = Debug|Any CPU
		{665A58D2-E48C-495D-9C83-80C11838F90B}.Release|Any CPU.ActiveCfg = Release|Any CPU
		{665A58D2-E48C-495D-9C83-80C11838F90B}.Release|Any CPU.Build.0 = Release|Any CPU
		{DC00BF1E-9981-4967-B2D9-8D436F9E8E90}.Debug|Any CPU.ActiveCfg = Debug|Any CPU
		{DC00BF1E-9981-4967-B2D9-8D436F9E8E90}.Debug|Any CPU.Build.0 = Debug|Any CPU
		{DC00BF1E-9981-4967-B2D9-8D436F9E8E90}.Release|Any CPU.ActiveCfg = Release|Any CPU
		{DC00BF1E-9981-4967-B2D9-8D436F9E8E90}.Release|Any CPU.Build.0 = Release|Any CPU
		{D2E3D12A-4E8D-4E1C-8B89-AA0E3D5F28D6}.Debug|Any CPU.ActiveCfg = Debug|Any CPU
		{D2E3D12A-4E8D-4E1C-8B89-AA0E3D5F28D6}.Debug|Any CPU.Build.0 = Debug|Any CPU
		{D2E3D12A-4E8D-4E1C-8B89-AA0E3D5F28D6}.Release|Any CPU.ActiveCfg = Release|Any CPU
		{D2E3D12A-4E8D-4E1C-8B89-AA0E3D5F28D6}.Release|Any CPU.Build.0 = Release|Any CPU
		{7D76ED95-35B6-47FB-8A33-969E578B5924}.Debug|Any CPU.ActiveCfg = Debug|Any CPU
		{7D76ED95-35B6-47FB-8A33-969E578B5924}.Debug|Any CPU.Build.0 = Debug|Any CPU
		{7D76ED95-35B6-47FB-8A33-969E578B5924}.Release|Any CPU.ActiveCfg = Release|Any CPU
		{7D76ED95-35B6-47FB-8A33-969E578B5924}.Release|Any CPU.Build.0 = Release|Any CPU
	EndGlobalSection
	GlobalSection(SolutionProperties) = preSolution
		HideSolutionNode = FALSE
	EndGlobalSection
	GlobalSection(ExtensibilityGlobals) = postSolution
		SolutionGuid = {858B5688-940B-4AC3-BEDC-D751457714EC}
	EndGlobalSection
EndGlobal
